
Microsoft Visual Studio Solution File, Format Version 12.00
# Visual Studio Version 17
VisualStudioVersion = 17.1.32210.238
MinimumVisualStudioVersion = 10.0.40219.1
Project("{FAE04EC0-301F-11D3-BF4B-00C04F79EFBC}") = "practika11.10.22", "practika11.10.22\practika11.10.22.csproj", "{F5934832-B16C-4672-BEF9-8775B3D22A6D}"
EndProject
Global
	GlobalSection(SolutionConfigurationPlatforms) = preSolution
		Debug|Any CPU = Debug|Any CPU
		Release|Any CPU = Release|Any CPU
	EndGlobalSection
	GlobalSection(ProjectConfigurationPlatforms) = postSolution
		{F5934832-B16C-4672-BEF9-8775B3D22A6D}.Debug|Any CPU.ActiveCfg = Debug|Any CPU
		{F5934832-B16C-4672-BEF9-8775B3D22A6D}.Debug|Any CPU.Build.0 = Debug|Any CPU
		{F5934832-B16C-4672-BEF9-8775B3D22A6D}.Release|Any CPU.ActiveCfg = Release|Any CPU
		{F5934832-B16C-4672-BEF9-8775B3D22A6D}.Release|Any CPU.Build.0 = Release|Any CPU
	EndGlobalSection
	GlobalSection(SolutionProperties) = preSolution
		HideSolutionNode = FALSE
	EndGlobalSection
	GlobalSection(ExtensibilityGlobals) = postSolution
		SolutionGuid = {85E67F05-CE57-44BE-BDCE-4D8F6C9AAB25}
	EndGlobalSection
EndGlobal
